{
  "originHash" : "e6b5e7b41611dcb96c05f6be1125f30f42a60aae6818891ef33fca46e6e84ab1",
  "pins" : [
    {
      "identity" : "plot",
      "kind" : "remoteSourceControl",
      "location" : "https://github.com/johnsundell/plot.git",
      "state" : {
        "revision" : "271926b4413fe868739d99f5eadcf2bd6cd62fb8",
        "version" : "0.14.0"
      }
    },
    {
      "identity" : "sqlite.swift",
      "kind" : "remoteSourceControl",
      "location" : "https://github.com/stephencelis/SQLite.swift",
      "state" : {
        "branch" : "master",
        "revision" : "c7b78f2f9a0376bc0145f3ecbd0df05eab1688f7"
      }
    },
    {
      "identity" : "swift-argument-parser",
      "kind" : "remoteSourceControl",
      "location" : "https://github.com/apple/swift-argument-parser.git",
      "state" : {
        "revision" : "011f0c765fb46d9cac61bca19be0527e99c98c8b",
        "version" : "1.5.1"
      }
    },
    {
      "identity" : "swift-markdownkit",
      "kind" : "remoteSourceControl",
      "location" : "https://github.com/objecthub/swift-markdownkit",
      "state" : {
        "revision" : "0904c81cb39ae1ba918b03a692a6fb27fe171a0b",
        "version" : "1.3.0"
      }
    }
  ],
  "version" : 3
}
